// !$*UTF8*$!
{
	archiveVersion = 1;
	classes = {
	};
	objectVersion = 46;
	objects = {

/* Begin PBXBuildFile section */
		95F124B71D59815700CAAF54 /* AppDelegate.swift in Sources */ = {isa = PBXBuildFile; fileRef = 95F124B61D59815700CAAF54 /* AppDelegate.swift */; };
		95F124B91D59815700CAAF54 /* ViewController.swift in Sources */ = {isa = PBXBuildFile; fileRef = 95F124B81D59815700CAAF54 /* ViewController.swift */; };
		95F124BC1D59815700CAAF54 /* Main.storyboard in Resources */ = {isa = PBXBuildFile; fileRef = 95F124BA1D59815700CAAF54 /* Main.storyboard */; };
		95F124BE1D59815700CAAF54 /* Assets.xcassets in Resources */ = {isa = PBXBuildFile; fileRef = 95F124BD1D59815700CAAF54 /* Assets.xcassets */; };
		95F124C11D59815700CAAF54 /* LaunchScreen.storyboard in Resources */ = {isa = PBXBuildFile; fileRef = 95F124BF1D59815700CAAF54 /* LaunchScreen.storyboard */; };
		95F124CC1D59815700CAAF54 /* UIViewTransformAPITests.swift in Sources */ = {isa = PBXBuildFile; fileRef = 95F124CB1D59815700CAAF54 /* UIViewTransformAPITests.swift */; };
		95F124D71D59815700CAAF54 /* UIViewTransformAPIUITests.swift in Sources */ = {isa = PBXBuildFile; fileRef = 95F124D61D59815700CAAF54 /* UIViewTransformAPIUITests.swift */; };
/* End PBXBuildFile section */

/* Begin PBXContainerItemProxy section */
		95F124C81D59815700CAAF54 /* PBXContainerItemProxy */ = {
			isa = PBXContainerItemProxy;
			containerPortal = 95F124AB1D59815700CAAF54 /* Project object */;
			proxyType = 1;
			remoteGlobalIDString = 95F124B21D59815700CAAF54;
			remoteInfo = UIViewTransformAPI;
		};
		95F124D31D59815700CAAF54 /* PBXContainerItemProxy */ = {
			isa = PBXContainerItemProxy;
			containerPortal = 95F124AB1D59815700CAAF54 /* Project object */;
			proxyType = 1;
			remoteGlobalIDString = 95F124B21D59815700CAAF54;
			remoteInfo = UIViewTransformAPI;
		};
/* End PBXContainerItemProxy section */

/* Begin PBXFileReference section */
		95F124B31D59815700CAAF54 /* UIViewTransformAPI.app */ = {isa = PBXFileReference; explicitFileType = wrapper.application; includeInIndex = 0; path = UIViewTransformAPI.app; sourceTree = BUILT_PRODUCTS_DIR; };
		95F124B61D59815700CAAF54 /* AppDelegate.swift */ = {isa = PBXFileReference; lastKnownFileType = sourcecode.swift; path = AppDelegate.swift; sourceTree = "<group>"; };
		95F124B81D59815700CAAF54 /* ViewController.swift */ = {isa = PBXFileReference; lastKnownFileType = sourcecode.swift; path = ViewController.swift; sourceTree = "<group>"; };
		95F124BB1D59815700CAAF54 /* Base */ = {isa = PBXFileReference; lastKnownFileType = file.storyboard; name = Base; path = Base.lproj/Main.storyboard; sourceTree = "<group>"; };
		95F124BD1D59815700CAAF54 /* Assets.xcassets */ = {isa = PBXFileReference; lastKnownFileType = folder.assetcatalog; path = Assets.xcassets; sourceTree = "<group>"; };
		95F124C01D59815700CAAF54 /* Base */ = {isa = PBXFileReference; lastKnownFileType = file.storyboard; name = Base; path = Base.lproj/LaunchScreen.storyboard; sourceTree = "<group>"; };
		95F124C21D59815700CAAF54 /* Info.plist */ = {isa = PBXFileReference; lastKnownFileType = text.plist.xml; path = Info.plist; sourceTree = "<group>"; };
		95F124C71D59815700CAAF54 /* UIViewTransformAPITests.xctest */ = {isa = PBXFileReference; explicitFileType = wrapper.cfbundle; includeInIndex = 0; path = UIViewTransformAPITests.xctest; sourceTree = BUILT_PRODUCTS_DIR; };
		95F124CB1D59815700CAAF54 /* UIViewTransformAPITests.swift */ = {isa = PBXFileReference; lastKnownFileType = sourcecode.swift; path = UIViewTransformAPITests.swift; sourceTree = "<group>"; };
		95F124CD1D59815700CAAF54 /* Info.plist */ = {isa = PBXFileReference; lastKnownFileType = text.plist.xml; path = Info.plist; sourceTree = "<group>"; };
		95F124D21D59815700CAAF54 /* UIViewTransformAPIUITests.xctest */ = {isa = PBXFileReference; explicitFileType = wrapper.cfbundle; includeInIndex = 0; path = UIViewTransformAPIUITests.xctest; sourceTree = BUILT_PRODUCTS_DIR; };
		95F124D61D59815700CAAF54 /* UIViewTransformAPIUITests.swift */ = {isa = PBXFileReference; lastKnownFileType = sourcecode.swift; path = UIViewTransformAPIUITests.swift; sourceTree = "<group>"; };
		95F124D81D59815700CAAF54 /* Info.plist */ = {isa = PBXFileReference; lastKnownFileType = text.plist.xml; path = Info.plist; sourceTree = "<group>"; };
/* End PBXFileReference section */

/* Begin PBXFrameworksBuildPhase section */
		95F124B01D59815700CAAF54 /* Frameworks */ = {
			isa = PBXFrameworksBuildPhase;
			buildActionMask = 2147483647;
			files = (
			);
			runOnlyForDeploymentPostprocessing = 0;
		};
		95F124C41D59815700CAAF54 /* Frameworks */ = {
			isa = PBXFrameworksBuildPhase;
			buildActionMask = 2147483647;
			files = (
			);
			runOnlyForDeploymentPostprocessing = 0;
		};
		95F124CF1D59815700CAAF54 /* Frameworks */ = {
			isa = PBXFrameworksBuildPhase;
			buildActionMask = 2147483647;
			files = (
			);
			runOnlyForDeploymentPostprocessing = 0;
		};
/* End PBXFrameworksBuildPhase section */

/* Begin PBXGroup section */
		95F124AA1D59815700CAAF54 = {
			isa = PBXGroup;
			children = (
				95F124B51D59815700CAAF54 /* UIViewTransformAPI */,
				95F124CA1D59815700CAAF54 /* UIViewTransformAPITests */,
				95F124D51D59815700CAAF54 /* UIViewTransformAPIUITests */,
				95F124B41D59815700CAAF54 /* Products */,
			);
			sourceTree = "<group>";
		};
		95F124B41D59815700CAAF54 /* Products */ = {
			isa = PBXGroup;
			children = (
				95F124B31D59815700CAAF54 /* UIViewTransformAPI.app */,
				95F124C71D59815700CAAF54 /* UIViewTransformAPITests.xctest */,
				95F124D21D59815700CAAF54 /* UIViewTransformAPIUITests.xctest */,
			);
			name = Products;
			sourceTree = "<group>";
		};
		95F124B51D59815700CAAF54 /* UIViewTransformAPI */ = {
			isa = PBXGroup;
			children = (
				95F124B81D59815700CAAF54 /* ViewController.swift */,
				95F124E41D59819500CAAF54 /* Supporting Files */,
			);
			path = UIViewTransformAPI;
			sourceTree = "<group>";
		};
		95F124CA1D59815700CAAF54 /* UIViewTransformAPITests */ = {
			isa = PBXGroup;
			children = (
				95F124CB1D59815700CAAF54 /* UIViewTransformAPITests.swift */,
				95F124CD1D59815700CAAF54 /* Info.plist */,
			);
			path = UIViewTransformAPITests;
			sourceTree = "<group>";
		};
		95F124D51D59815700CAAF54 /* UIViewTransformAPIUITests */ = {
			isa = PBXGroup;
			children = (
				95F124D61D59815700CAAF54 /* UIViewTransformAPIUITests.swift */,
				95F124D81D59815700CAAF54 /* Info.plist */,
			);
			path = UIViewTransformAPIUITests;
			sourceTree = "<group>";
		};
		95F124E41D59819500CAAF54 /* Supporting Files */ = {
			isa = PBXGroup;
			children = (
				95F124B61D59815700CAAF54 /* AppDelegate.swift */,
				95F124BA1D59815700CAAF54 /* Main.storyboard */,
				95F124BD1D59815700CAAF54 /* Assets.xcassets */,
				95F124BF1D59815700CAAF54 /* LaunchScreen.storyboard */,
				95F124C21D59815700CAAF54 /* Info.plist */,
			);
			name = "Supporting Files";
			sourceTree = "<group>";
		};
/* End PBXGroup section */

/* Begin PBXNativeTarget section */
		95F124B21D59815700CAAF54 /* UIViewTransformAPI */ = {
			isa = PBXNativeTarget;
			buildConfigurationList = 95F124DB1D59815700CAAF54 /* Build configuration list for PBXNativeTarget "UIViewTransformAPI" */;
			buildPhases = (
				95F124AF1D59815700CAAF54 /* Sources */,
				95F124B01D59815700CAAF54 /* Frameworks */,
				95F124B11D59815700CAAF54 /* Resources */,
			);
			buildRules = (
			);
			dependencies = (
			);
			name = UIViewTransformAPI;
			productName = UIViewTransformAPI;
			productReference = 95F124B31D59815700CAAF54 /* UIViewTransformAPI.app */;
			productType = "com.apple.product-type.application";
		};
		95F124C61D59815700CAAF54 /* UIViewTransformAPITests */ = {
			isa = PBXNativeTarget;
			buildConfigurationList = 95F124DE1D59815700CAAF54 /* Build configuration list for PBXNativeTarget "UIViewTransformAPITests" */;
			buildPhases = (
				95F124C31D59815700CAAF54 /* Sources */,
				95F124C41D59815700CAAF54 /* Frameworks */,
				95F124C51D59815700CAAF54 /* Resources */,
			);
			buildRules = (
			);
			dependencies = (
				95F124C91D59815700CAAF54 /* PBXTargetDependency */,
			);
			name = UIViewTransformAPITests;
			productName = UIViewTransformAPITests;
			productReference = 95F124C71D59815700CAAF54 /* UIViewTransformAPITests.xctest */;
			productType = "com.apple.product-type.bundle.unit-test";
		};
		95F124D11D59815700CAAF54 /* UIViewTransformAPIUITests */ = {
			isa = PBXNativeTarget;
			buildConfigurationList = 95F124E11D59815700CAAF54 /* Build configuration list for PBXNativeTarget "UIViewTransformAPIUITests" */;
			buildPhases = (
				95F124CE1D59815700CAAF54 /* Sources */,
				95F124CF1D59815700CAAF54 /* Frameworks */,
				95F124D01D59815700CAAF54 /* Resources */,
			);
			buildRules = (
			);
			dependencies = (
				95F124D41D59815700CAAF54 /* PBXTargetDependency */,
			);
			name = UIViewTransformAPIUITests;
			productName = UIViewTransformAPIUITests;
			productReference = 95F124D21D59815700CAAF54 /* UIViewTransformAPIUITests.xctest */;
			productType = "com.apple.product-type.bundle.ui-testing";
		};
/* End PBXNativeTarget section */

/* Begin PBXProject section */
		95F124AB1D59815700CAAF54 /* Project object */ = {
			isa = PBXProject;
			attributes = {
				LastSwiftUpdateCheck = 0730;
				LastUpgradeCheck = 0730;
				ORGANIZATIONNAME = ZhangHS;
				TargetAttributes = {
					95F124B21D59815700CAAF54 = {
						CreatedOnToolsVersion = 7.3.1;
					};
					95F124C61D59815700CAAF54 = {
						CreatedOnToolsVersion = 7.3.1;
						TestTargetID = 95F124B21D59815700CAAF54;
					};
					95F124D11D59815700CAAF54 = {
						CreatedOnToolsVersion = 7.3.1;
						TestTargetID = 95F124B21D59815700CAAF54;
					};
				};
			};
			buildConfigurationList = 95F124AE1D59815700CAAF54 /* Build configuration list for PBXProject "UIViewTransformAPI" */;
			compatibilityVersion = "Xcode 3.2";
			developmentRegion = English;
			hasScannedForEncodings = 0;
			knownRegions = (
				en,
				Base,
			);
			mainGroup = 95F124AA1D59815700CAAF54;
			productRefGroup = 95F124B41D59815700CAAF54 /* Products */;
			projectDirPath = "";
			projectRoot = "";
			targets = (
				95F124B21D59815700CAAF54 /* UIViewTransformAPI */,
				95F124C61D59815700CAAF54 /* UIViewTransformAPITests */,
				95F124D11D59815700CAAF54 /* UIViewTransformAPIUITests */,
			);
		};
/* End PBXProject section */

/* Begin PBXResourcesBuildPhase section */
		95F124B11D59815700CAAF54 /* Resources */ = {
			isa = PBXResourcesBuildPhase;
			buildActionMask = 2147483647;
			files = (
				95F124C11D59815700CAAF54 /* LaunchScreen.storyboard in Resources */,
				95F124BE1D59815700CAAF54 /* Assets.xcassets in Resources */,
				95F124BC1D59815700CAAF54 /* Main.storyboard in Resources */,
			);
			runOnlyForDeploymentPostprocessing = 0;
		};
		95F124C51D59815700CAAF54 /* Resources */ = {
			isa = PBXResourcesBuildPhase;
			buildActionMask = 2147483647;
			files = (
			);
			runOnlyForDeploymentPostprocessing = 0;
		};
		95F124D01D59815700CAAF54 /* Resources */ = {
			isa = PBXResourcesBuildPhase;
			buildActionMask = 2147483647;
			files = (
			);
			runOnlyForDeploymentPostprocessing = 0;
		};
/* End PBXResourcesBuildPhase section */

/* Begin PBXSourcesBuildPhase section */
		95F124AF1D59815700CAAF54 /* Sources */ = {
			isa = PBXSourcesBuildPhase;
			buildActionMask = 2147483647;
			files = (
				95F124B91D59815700CAAF54 /* ViewController.swift in Sources */,
				95F124B71D59815700CAAF54 /* AppDelegate.swift in Sources */,
			);
			runOnlyForDeploymentPostprocessing = 0;
		};
		95F124C31D59815700CAAF54 /* Sources */ = {
			isa = PBXSourcesBuildPhase;
			buildActionMask = 2147483647;
			files = (
				95F124CC1D59815700CAAF54 /* UIViewTransformAPITests.swift in Sources */,
			);
			runOnlyForDeploymentPostprocessing = 0;
		};
		95F124CE1D59815700CAAF54 /* Sources */ = {
			isa = PBXSourcesBuildPhase;
			buildActionMask = 2147483647;
			files = (
				95F124D71D59815700CAAF54 /* UIViewTransformAPIUITests.swift in Sources */,
			);
			runOnlyForDeploymentPostprocessing = 0;
		};
/* End PBXSourcesBuildPhase section */

/* Begin PBXTargetDependency section */
		95F124C91D59815700CAAF54 /* PBXTargetDependency */ = {
			isa = PBXTargetDependency;
			target = 95F124B21D59815700CAAF54 /* UIViewTransformAPI */;
			targetProxy = 95F124C81D59815700CAAF54 /* PBXContainerItemProxy */;
		};
		95F124D41D59815700CAAF54 /* PBXTargetDependency */ = {
			isa = PBXTargetDependency;
			target = 95F124B21D59815700CAAF54 /* UIViewTransformAPI */;
			targetProxy = 95F124D31D59815700CAAF54 /* PBXContainerItemProxy */;
		};
/* End PBXTargetDependency section */

/* Begin PBXVariantGroup section */
		95F124BA1D59815700CAAF54 /* Main.storyboard */ = {
			isa = PBXVariantGroup;
			children = (
				95F124BB1D59815700CAAF54 /* Base */,
			);
			name = Main.storyboard;
			sourceTree = "<group>";
		};
		95F124BF1D59815700CAAF54 /* LaunchScreen.storyboard */ = {
			isa = PBXVariantGroup;
			children = (
				95F124C01D59815700CAAF54 /* Base */,
			);
			name = LaunchScreen.storyboard;
			sourceTree = "<group>";
		};
/* End PBXVariantGroup section */

/* Begin XCBuildConfiguration section */
		95F124D91D59815700CAAF54 /* Debug */ = {
			isa = XCBuildConfiguration;
			buildSettings = {
				ALWAYS_SEARCH_USER_PATHS = NO;
				CLANG_ANALYZER_NONNULL = YES;
				CLANG_CXX_LANGUAGE_STANDARD = "gnu++0x";
				CLANG_CXX_LIBRARY = "libc++";
				CLANG_ENABLE_MODULES = YES;
				CLANG_ENABLE_OBJC_ARC = YES;
				CLANG_WARN_BOOL_CONVERSION = YES;
				CLANG_WARN_CONSTANT_CONVERSION = YES;
				CLANG_WARN_DIRECT_OBJC_ISA_USAGE = YES_ERROR;
				CLANG_WARN_EMPTY_BODY = YES;
				CLANG_WARN_ENUM_CONVERSION = YES;
				CLANG_WARN_INT_CONVERSION = YES;
				CLANG_WARN_OBJC_ROOT_CLASS = YES_ERROR;
				CLANG_WARN_UNREACHABLE_CODE = YES;
				CLANG_WARN__DUPLICATE_METHOD_MATCH = YES;
				"CODE_SIGN_IDENTITY[sdk=iphoneos*]" = "iPhone Developer";
				COPY_PHASE_STRIP = NO;
				DEBUG_INFORMATION_FORMAT = dwarf;
				ENABLE_STRICT_OBJC_MSGSEND = YES;
				ENABLE_TESTABILITY = YES;
				GCC_C_LANGUAGE_STANDARD = gnu99;
				GCC_DYNAMIC_NO_PIC = NO;
				GCC_NO_COMMON_BLOCKS = YES;
				GCC_OPTIMIZATION_LEVEL = 0;
				GCC_PREPROCESSOR_DEFINITIONS = (
					"DEBUG=1",
					"$(inherited)",
				);
				GCC_WARN_64_TO_32_BIT_CONVERSION = YES;
				GCC_WARN_ABOUT_RETURN_TYPE = YES_ERROR;
				GCC_WARN_UNDECLARED_SELECTOR = YES;
				GCC_WARN_UNINITIALIZED_AUTOS = YES_AGGRESSIVE;
				GCC_WARN_UNUSED_FUNCTION = YES;
				GCC_WARN_UNUSED_VARIABLE = YES;
				IPHONEOS_DEPLOYMENT_TARGET = 9.3;
				MTL_ENABLE_DEBUG_INFO = YES;
				ONLY_ACTIVE_ARCH = YES;
				SDKROOT = iphoneos;
				SWIFT_OPTIMIZATION_LEVEL = "-Onone";
			};
			name = Debug;
		};
		95F124DA1D59815700CAAF54 /* Release */ = {
			isa = XCBuildConfiguration;
			buildSettings = {
				ALWAYS_SEARCH_USER_PATHS = NO;
				CLANG_ANALYZER_NONNULL = YES;
				CLANG_CXX_LANGUAGE_STANDARD = "gnu++0x";
				CLANG_CXX_LIBRARY = "libc++";
				CLANG_ENABLE_MODULES = YES;
				CLANG_ENABLE_OBJC_ARC = YES;
				CLANG_WARN_BOOL_CONVERSION = YES;
				CLANG_WARN_CONSTANT_CONVERSION = YES;
				CLANG_WARN_DIRECT_OBJC_ISA_USAGE = YES_ERROR;
				CLANG_WARN_EMPTY_BODY = YES;
				CLANG_WARN_ENUM_CONVERSION = YES;
				CLANG_WARN_INT_CONVERSION = YES;
				CLANG_WARN_OBJC_ROOT_CLASS = YES_ERROR;
				CLANG_WARN_UNREACHABLE_CODE = YES;
				CLANG_WARN__DUPLICATE_METHOD_MATCH = YES;
				"CODE_SIGN_IDENTITY[sdk=iphoneos*]" = "iPhone Developer";
				COPY_PHASE_STRIP = NO;
				DEBUG_INFORMATION_FORMAT = "dwarf-with-dsym";
				ENABLE_NS_ASSERTIONS = NO;
				ENABLE_STRICT_OBJC_MSGSEND = YES;
				GCC_C_LANGUAGE_STANDARD = gnu99;
				GCC_NO_COMMON_BLOCKS = YES;
				GCC_WARN_64_TO_32_BIT_CONVERSION = YES;
				GCC_WARN_ABOUT_RETURN_TYPE = YES_ERROR;
				GCC_WARN_UNDECLARED_SELECTOR = YES;
				GCC_WARN_UNINITIALIZED_AUTOS = YES_AGGRESSIVE;
				GCC_WARN_UNUSED_FUNCTION = YES;
				GCC_WARN_UNUSED_VARIABLE = YES;
				IPHONEOS_DEPLOYMENT_TARGET = 9.3;
				MTL_ENABLE_DEBUG_INFO = NO;
				SDKROOT = iphoneos;
				VALIDATE_PRODUCT = YES;
			};
			name = Release;
		};
		95F124DC1D59815700CAAF54 /* Debug */ = {
			isa = XCBuildConfiguration;
			buildSettings = {
				ASSETCATALOG_COMPILER_APPICON_NAME = AppIcon;
				INFOPLIST_FILE = UIViewTransformAPI/Info.plist;
				LD_RUNPATH_SEARCH_PATHS = "$(inherited) @executable_path/Frameworks";
				PRODUCT_BUNDLE_IDENTIFIER = com.youjiekeji.UIViewTransformAPI;
				PRODUCT_NAME = "$(TARGET_NAME)";
			};
			name = Debug;
		};
		95F124DD1D59815700CAAF54 /* Release */ = {
			isa = XCBuildConfiguration;
			buildSettings = {
				ASSETCATALOG_COMPILER_APPICON_NAME = AppIcon;
				INFOPLIST_FILE = UIViewTransformAPI/Info.plist;
				LD_RUNPATH_SEARCH_PATHS = "$(inherited) @executable_path/Frameworks";
				PRODUCT_BUNDLE_IDENTIFIER = com.youjiekeji.UIViewTransformAPI;
				PRODUCT_NAME = "$(TARGET_NAME)";
			};
			name = Release;
		};
		95F124DF1D59815700CAAF54 /* Debug */ = {
			isa = XCBuildConfiguration;
			buildSettings = {
				BUNDLE_LOADER = "$(TEST_HOST)";
				INFOPLIST_FILE = UIViewTransformAPITests/Info.plist;
				LD_RUNPATH_SEARCH_PATHS = "$(inherited) @executable_path/Frameworks @loader_path/Frameworks";
				PRODUCT_BUNDLE_IDENTIFIER = com.youjiekeji.UIViewTransformAPITests;
				PRODUCT_NAME = "$(TARGET_NAME)";
				TEST_HOST = "$(BUILT_PRODUCTS_DIR)/UIViewTransformAPI.app/UIViewTransformAPI";
			};
			name = Debug;
		};
		95F124E01D59815700CAAF54 /* Release */ = {
			isa = XCBuildConfiguration;
			buildSettings = {
				BUNDLE_LOADER = "$(TEST_HOST)";
				INFOPLIST_FILE = UIViewTransformAPITests/Info.plist;
				LD_RUNPATH_SEARCH_PATHS = "$(inherited) @executable_path/Frameworks @loader_path/Frameworks";
				PRODUCT_BUNDLE_IDENTIFIER = com.youjiekeji.UIViewTransformAPITests;
				PRODUCT_NAME = "$(TARGET_NAME)";
				TEST_HOST = "$(BUILT_PRODUCTS_DIR)/UIViewTransformAPI.app/UIViewTransformAPI";
			};
			name = Release;
		};
		95F124E21D59815700CAAF54 /* Debug */ = {
			isa = XCBuildConfiguration;
			buildSettings = {
				INFOPLIST_FILE = UIViewTransformAPIUITests/Info.plist;
				LD_RUNPATH_SEARCH_PATHS = "$(inherited) @executable_path/Frameworks @loader_path/Frameworks";
				PRODUCT_BUNDLE_IDENTIFIER = com.youjiekeji.UIViewTransformAPIUITests;
				PRODUCT_NAME = "$(TARGET_NAME)";
				TEST_TARGET_NAME = UIViewTransformAPI;
			};
			name = Debug;
		};
		95F124E31D59815700CAAF54 /* Release */ = {
			isa = XCBuildConfiguration;
			buildSettings = {
				INFOPLIST_FILE = UIViewTransformAPIUITests/Info.plist;
				LD_RUNPATH_SEARCH_PATHS = "$(inherited) @executable_path/Frameworks @loader_path/Frameworks";
				PRODUCT_BUNDLE_IDENTIFIER = com.youjiekeji.UIViewTransformAPIUITests;
				PRODUCT_NAME = "$(TARGET_NAME)";
				TEST_TARGET_NAME = UIViewTransformAPI;
			};
			name = Release;
		};
/* End XCBuildConfiguration section */

/* Begin XCConfigurationList section */
		95F124AE1D59815700CAAF54 /* Build configuration list for PBXProject "UIViewTransformAPI" */ = {
			isa = XCConfigurationList;
			buildConfigurations = (
				95F124D91D59815700CAAF54 /* Debug */,
				95F124DA1D59815700CAAF54 /* Release */,
			);
			defaultConfigurationIsVisible = 0;
			defaultConfigurationName = Release;
		};
		95F124DB1D59815700CAAF54 /* Build configuration list for PBXNativeTarget "UIViewTransformAPI" */ = {
			isa = XCConfigurationList;
			buildConfigurations = (
				95F124DC1D59815700CAAF54 /* Debug */,
				95F124DD1D59815700CAAF54 /* Release */,
			);
			defaultConfigurationIsVisible = 0;
			defaultConfigurationName = Release;
		};
		95F124DE1D59815700CAAF54 /* Build configuration list for PBXNativeTarget "UIViewTransformAPITests" */ = {
			isa = XCConfigurationList;
			buildConfigurations = (
				95F124DF1D59815700CAAF54 /* Debug */,
				95F124E01D59815700CAAF54 /* Release */,
			);
			defaultConfigurationIsVisible = 0;
			defaultConfigurationName = Release;
		};
		95F124E11D59815700CAAF54 /* Build configuration list for PBXNativeTarget "UIViewTransformAPIUITests" */ = {
			isa = XCConfigurationList;
			buildConfigurations = (
				95F124E21D59815700CAAF54 /* Debug */,
				95F124E31D59815700CAAF54 /* Release */,
			);
			defaultConfigurationIsVisible = 0;
			defaultConfigurationName = Release;
		};
/* End XCConfigurationList section */
	};
	rootObject = 95F124AB1D59815700CAAF54 /* Project object */;
}
